PODS:
  - GoogleMaps (1.10.5)
  - MMDrawerController (0.6.0):
    - MMDrawerController/Core (= 0.6.0)
    - MMDrawerController/MMDrawerBarButtonItem (= 0.6.0)
    - MMDrawerController/MMDrawerVisualStates (= 0.6.0)
    - MMDrawerController/Subclass (= 0.6.0)
  - MMDrawerController/Core (0.6.0)
  - MMDrawerController/MMDrawerBarButtonItem (0.6.0):
    - MMDrawerController/Core
  - MMDrawerController/MMDrawerVisualStates (0.6.0):
    - MMDrawerController/Core
  - MMDrawerController/Subclass (0.6.0):
    - MMDrawerController/Core
  - UIActionSheet+Blocks (0.9)
  - UIAlertController+Blocks (0.9)
  - UIAlertView+Blocks (0.9)
  - UITableView-NXEmptyView (0.1.7)

DEPENDENCIES:
  - GoogleMaps
  - MMDrawerController
  - UIActionSheet+Blocks (>= 0.9)
  - UIAlertController+Blocks (>= 0.9)
  - UIAlertView+Blocks (>= 0.9)
  - UITableView-NXEmptyView

SPEC CHECKSUMS:
  GoogleMaps: da51c62c338c2d9c47cdad470a0d1e0e4b8544e4
  MMDrawerController: e3a54a5570388463ad3b36975251575b50c4e1a0
  UIActionSheet+Blocks: e180b7dad0a721ab7f212ac9742af799008bb358
  UIAlertController+Blocks: b48c673ff60726da468b32ab21bbc7683512d45b
  UIAlertView+Blocks: a46c99c5144f6c5dbc7d62fd2a0678daceec89a3
  UITableView-NXEmptyView: 0bc404cfd9c201af518a63240ac4ac4dad2c69c2

COCOAPODS: 0.38.2
